
{
  "name": "nonmql",
  "version": "0.1.0",
  "lockfileVersion": 1,
  "requires": true,
  "dependencies": {
    "@babel/code-frame": {
      "version": "7.10.4",
      "resolved": "https://registry.npmjs.org/@babel/code-frame/-/code-frame-7.10.4.tgz",
      "integrity": "sha512-vG6SvB6oYEhvgisZNFRmRCUkLz11c7rp+tbNTynGqc6mS1d5ATd/sGyV6W0KZZnXRKMTzZDRgQT3Ou9jhpAfUg==",
      "dev": true,
      "requires": {
        "@babel/highlight": "^7.10.4"
      }
    },
    "@babel/compat-data": {
      "version": "7.12.7",
      "resolved": "https://registry.npmjs.org/@babel/compat-data/-/compat-data-7.12.7.tgz",
      "integrity": "sha512-YaxPMGs/XIWtYqrdEOZOCPsVWfEoriXopnsz3/i7apYPXQ3698UFhS6dVT1KN5qOsWmVgw/FOrmQgpRaZayGsw==",
      "dev": true
    },