
{
  "name": "nonmql",
  "version": "0.1.0",
  "lockfileVersion": 1,
  "requires": true,
  "dependencies": {
    "@babel/code-frame": {
      "version": "7.10.4",
      "resolved": "https://registry.npmjs.org/@babel/code-frame/-/code-frame-7.10.4.tgz",
      "integrity": "sha512-vG6SvB6oYEhvgisZNFRmRCUkLz11c7rp+tbNTynGqc6mS1d5ATd/sGyV6W0KZZnXRKMTzZDRgQT3Ou9jhpAfUg==",
      "dev": true,
      "requires": {
        "@babel/highlight": "^7.10.4"
      }
    },
    "@babel/compat-data": {
      "version": "7.12.7",
      "resolved": "https://registry.npmjs.org/@babel/compat-data/-/compat-data-7.12.7.tgz",
      "integrity": "sha512-YaxPMGs/XIWtYqrdEOZOCPsVWfEoriXopnsz3/i7apYPXQ3698UFhS6dVT1KN5qOsWmVgw/FOrmQgpRaZayGsw==",
      "dev": true
    },
    "@babel/core": {
      "version": "7.12.10",
      "resolved": "https://registry.npmjs.org/@babel/core/-/core-7.12.10.tgz",
      "integrity": "sha512-eTAlQKq65zHfkHZV0sIVODCPGVgoo1HdBlbSLi9CqOzuZanMv2ihzY+4paiKr1mH+XmYESMAmJ/dpZ68eN6d8w==",
      "dev": true,
      "requires": {
        "@babel/code-frame": "^7.10.4",
        "@babel/generator": "^7.12.10",
        "@babel/helper-module-transforms": "^7.12.1",
        "@babel/helpers": "^7.12.5",
        "@babel/parser": "^7.12.10",
        "@babel/template": "^7.12.7",
        "@babel/traverse": "^7.12.10",
        "@babel/types": "^7.12.10",
        "convert-source-map": "^1.7.0",
        "debug": "^4.1.0",
        "gensync": "^1.0.0-beta.1",
        "json5": "^2.1.2",
        "lodash": "^4.17.19",
        "semver": "^5.4.1",
        "source-map": "^0.5.0"
      },
      "dependencies": {
        "source-map": {
          "version": "0.5.7",
          "resolved": "https://registry.npmjs.org/source-map/-/source-map-0.5.7.tgz",
          "integrity": "sha1-igOdLRAh0i0eoUyA2OpGi6LvP8w=",
          "dev": true
        }
      }
    },
    "@babel/generator": {
      "version": "7.12.11",
      "resolved": "https://registry.npmjs.org/@babel/generator/-/generator-7.12.11.tgz",
      "integrity": "sha512-Ggg6WPOJtSi8yYQvLVjG8F/TlpWDlKx0OpS4Kt+xMQPs5OaGYWy+v1A+1TvxI6sAMGZpKWWoAQ1DaeQbImlItA==",
      "dev": true,
      "requires": {
        "@babel/types": "^7.12.11",
        "jsesc": "^2.5.1",
        "source-map": "^0.5.0"
      },
      "dependencies": {
        "source-map": {
          "version": "0.5.7",
          "resolved": "https://registry.npmjs.org/source-map/-/source-map-0.5.7.tgz",
          "integrity": "sha1-igOdLRAh0i0eoUyA2OpGi6LvP8w=",
          "dev": true
        }
      }
    },
    "@babel/helper-annotate-as-pure": {
      "version": "7.12.10",
      "resolved": "https://registry.npmjs.org/@babel/helper-annotate-as-pure/-/helper-annotate-as-pure-7.12.10.tgz",
      "integrity": "sha512-XplmVbC1n+KY6jL8/fgLVXXUauDIB+lD5+GsQEh6F6GBF1dq1qy4DP4yXWzDKcoqXB3X58t61e85Fitoww4JVQ==",
      "dev": true,
      "requires": {
        "@babel/types": "^7.12.10"
      }
    },
    "@babel/helper-builder-binary-assignment-operator-visitor": {
      "version": "7.10.4",
      "resolved": "https://registry.npmjs.org/@babel/helper-builder-binary-assignment-operator-visitor/-/helper-builder-binary-assignment-operator-visitor-7.10.4.tgz",
      "integrity": "sha512-L0zGlFrGWZK4PbT8AszSfLTM5sDU1+Az/En9VrdT8/LmEiJt4zXt+Jve9DCAnQcbqDhCI+29y/L93mrDzddCcg==",
      "dev": true,
      "requires": {
        "@babel/helper-explode-assignable-expression": "^7.10.4",
        "@babel/types": "^7.10.4"
      }
    },
    "@babel/helper-compilation-targets": {
      "version": "7.12.5",
      "resolved": "https://registry.npmjs.org/@babel/helper-compilation-targets/-/helper-compilation-targets-7.12.5.tgz",
      "integrity": "sha512-+qH6NrscMolUlzOYngSBMIOQpKUGPPsc61Bu5W10mg84LxZ7cmvnBHzARKbDoFxVvqqAbj6Tg6N7bSrWSPXMyw==",
      "dev": true,
      "requires": {
        "@babel/compat-data": "^7.12.5",
        "@babel/helper-validator-option": "^7.12.1",
        "browserslist": "^4.14.5",
        "semver": "^5.5.0"
      },
      "dependencies": {
        "browserslist": {
          "version": "4.16.3",
          "resolved": "https://registry.npmjs.org/browserslist/-/browserslist-4.16.3.tgz",
          "integrity": "sha512-vIyhWmIkULaq04Gt93txdh+j02yX/JzlyhLYbV3YQCn/zvES3JnY7TifHHvvr1w5hTDluNKMkV05cs4vy8Q7sw==",
          "dev": true,
          "requires": {
            "caniuse-lite": "^1.0.30001181",
            "colorette": "^1.2.1",
            "electron-to-chromium": "^1.3.649",
            "escalade": "^3.1.1",
            "node-releases": "^1.1.70"
          }
        },
        "caniuse-lite": {
          "version": "1.0.30001181",
          "resolved": "https://registry.npmjs.org/caniuse-lite/-/caniuse-lite-1.0.30001181.tgz",
          "integrity": "sha512-m5ul/ARCX50JB8BSNM+oiPmQrR5UmngaQ3QThTTp5HcIIQGP/nPBs82BYLE+tigzm3VW+F4BJIhUyaVtEweelQ==",
          "dev": true
        },
        "electron-to-chromium": {
          "version": "1.3.649",
          "resolved": "https://registry.npmjs.org/electron-to-chromium/-/electron-to-chromium-1.3.649.tgz",
          "integrity": "sha512-ojGDupQ3UMkvPWcTICe4JYe17+o9OLiFMPoduoR72Zp2ILt1mRVeqnxBEd6s/ptekrnsFU+0A4lStfBe/wyG/A==",
          "dev": true
        },
        "escalade": {
          "version": "3.1.1",
          "resolved": "https://registry.npmjs.org/escalade/-/escalade-3.1.1.tgz",
          "integrity": "sha512-k0er2gUkLf8O0zKJiAhmkTnJlTvINGv7ygDNPbeIsX/TJjGJZHuh9B2UxbsaEkmlEo9MfhrSzmhIlhRlI2GXnw==",
          "dev": true
        },
        "node-releases": {
          "version": "1.1.70",
          "resolved": "https://registry.npmjs.org/node-releases/-/node-releases-1.1.70.tgz",
          "integrity": "sha512-Slf2s69+2/uAD79pVVQo8uSiC34+g8GWY8UH2Qtqv34ZfhYrxpYpfzs9Js9d6O0mbDmALuxaTlplnBTnSELcrw==",
          "dev": true
        }
      }
    },
    "@babel/helper-create-class-features-plugin": {
      "version": "7.12.1",
      "resolved": "https://registry.npmjs.org/@babel/helper-create-class-features-plugin/-/helper-create-class-features-plugin-7.12.1.tgz",
      "integrity": "sha512-hkL++rWeta/OVOBTRJc9a5Azh5mt5WgZUGAKMD8JM141YsE08K//bp1unBBieO6rUKkIPyUE0USQ30jAy3Sk1w==",
      "dev": true,
      "requires": {
        "@babel/helper-function-name": "^7.10.4",
        "@babel/helper-member-expression-to-functions": "^7.12.1",
        "@babel/helper-optimise-call-expression": "^7.10.4",
        "@babel/helper-replace-supers": "^7.12.1",
        "@babel/helper-split-export-declaration": "^7.10.4"
      }
    },
    "@babel/helper-create-regexp-features-plugin": {
      "version": "7.12.7",
      "resolved": "https://registry.npmjs.org/@babel/helper-create-regexp-features-plugin/-/helper-create-regexp-features-plugin-7.12.7.tgz",
      "integrity": "sha512-idnutvQPdpbduutvi3JVfEgcVIHooQnhvhx0Nk9isOINOIGYkZea1Pk2JlJRiUnMefrlvr0vkByATBY/mB4vjQ==",
      "dev": true,
      "requires": {
        "@babel/helper-annotate-as-pure": "^7.10.4",
        "regexpu-core": "^4.7.1"
      }
    },
    "@babel/helper-define-map": {
      "version": "7.10.5",
      "resolved": "https://registry.npmjs.org/@babel/helper-define-map/-/helper-define-map-7.10.5.tgz",
      "integrity": "sha512-fMw4kgFB720aQFXSVaXr79pjjcW5puTCM16+rECJ/plGS+zByelE8l9nCpV1GibxTnFVmUuYG9U8wYfQHdzOEQ==",
      "dev": true,
      "requires": {
        "@babel/helper-function-name": "^7.10.4",
        "@babel/types": "^7.10.5",
        "lodash": "^4.17.19"
      }
    },
    "@babel/helper-explode-assignable-expression": {
      "version": "7.12.1",
      "resolved": "https://registry.npmjs.org/@babel/helper-explode-assignable-expression/-/helper-explode-assignable-expression-7.12.1.tgz",
      "integrity": "sha512-dmUwH8XmlrUpVqgtZ737tK88v07l840z9j3OEhCLwKTkjlvKpfqXVIZ0wpK3aeOxspwGrf/5AP5qLx4rO3w5rA==",
      "dev": true,
      "requires": {
        "@babel/types": "^7.12.1"
      }
    },
    "@babel/helper-function-name": {
      "version": "7.12.11",
      "resolved": "https://registry.npmjs.org/@babel/helper-function-name/-/helper-function-name-7.12.11.tgz",
      "integrity": "sha512-AtQKjtYNolKNi6nNNVLQ27CP6D9oFR6bq/HPYSizlzbp7uC1M59XJe8L+0uXjbIaZaUJF99ruHqVGiKXU/7ybA==",
      "dev": true,
      "requires": {
        "@babel/helper-get-function-arity": "^7.12.10",
        "@babel/template": "^7.12.7",
        "@babel/types": "^7.12.11"
      }
    },
    "@babel/helper-get-function-arity": {
      "version": "7.12.10",
      "resolved": "https://registry.npmjs.org/@babel/helper-get-function-arity/-/helper-get-function-arity-7.12.10.tgz",
      "integrity": "sha512-mm0n5BPjR06wh9mPQaDdXWDoll/j5UpCAPl1x8fS71GHm7HA6Ua2V4ylG1Ju8lvcTOietbPNNPaSilKj+pj+Ag==",
      "dev": true,
      "requires": {
        "@babel/types": "^7.12.10"
      }
    },
    "@babel/helper-hoist-variables": {
      "version": "7.10.4",
      "resolved": "https://registry.npmjs.org/@babel/helper-hoist-variables/-/helper-hoist-variables-7.10.4.tgz",
      "integrity": "sha512-wljroF5PgCk2juF69kanHVs6vrLwIPNp6DLD+Lrl3hoQ3PpPPikaDRNFA+0t81NOoMt2DL6WW/mdU8k4k6ZzuA==",
      "dev": true,
      "requires": {
        "@babel/types": "^7.10.4"
      }
    },
    "@babel/helper-member-expression-to-functions": {
      "version": "7.12.7",
      "resolved": "https://registry.npmjs.org/@babel/helper-member-expression-to-functions/-/helper-member-expression-to-functions-7.12.7.tgz",
      "integrity": "sha512-DCsuPyeWxeHgh1Dus7APn7iza42i/qXqiFPWyBDdOFtvS581JQePsc1F/nD+fHrcswhLlRc2UpYS1NwERxZhHw==",
      "dev": true,
      "requires": {
        "@babel/types": "^7.12.7"
      }
    },
    "@babel/helper-module-imports": {
      "version": "7.12.5",
      "resolved": "https://registry.npmjs.org/@babel/helper-module-imports/-/helper-module-imports-7.12.5.tgz",
      "integrity": "sha512-SR713Ogqg6++uexFRORf/+nPXMmWIn80TALu0uaFb+iQIUoR7bOC7zBWyzBs5b3tBBJXuyD0cRu1F15GyzjOWA==",
      "dev": true,
      "requires": {
        "@babel/types": "^7.12.5"
      }
    },
    "@babel/helper-module-transforms": {
      "version": "7.12.1",
      "resolved": "https://registry.npmjs.org/@babel/helper-module-transforms/-/helper-module-transforms-7.12.1.tgz",
      "integrity": "sha512-QQzehgFAZ2bbISiCpmVGfiGux8YVFXQ0abBic2Envhej22DVXV9nCFaS5hIQbkyo1AdGb+gNME2TSh3hYJVV/w==",
      "dev": true,
      "requires": {
        "@babel/helper-module-imports": "^7.12.1",
        "@babel/helper-replace-supers": "^7.12.1",
        "@babel/helper-simple-access": "^7.12.1",
        "@babel/helper-split-export-declaration": "^7.11.0",
        "@babel/helper-validator-identifier": "^7.10.4",
        "@babel/template": "^7.10.4",
        "@babel/traverse": "^7.12.1",
        "@babel/types": "^7.12.1",
        "lodash": "^4.17.19"
      }
    },
    "@babel/helper-optimise-call-expression": {
      "version": "7.12.10",
      "resolved": "https://registry.npmjs.org/@babel/helper-optimise-call-expression/-/helper-optimise-call-expression-7.12.10.tgz",
      "integrity": "sha512-4tpbU0SrSTjjt65UMWSrUOPZTsgvPgGG4S8QSTNHacKzpS51IVWGDj0yCwyeZND/i+LSN2g/O63jEXEWm49sYQ==",
      "dev": true,
      "requires": {
        "@babel/types": "^7.12.10"
      }